
Microsoft Visual Studio Solution File, Format Version 12.00
# Visual Studio Version 17
VisualStudioVersion = 17.11.35208.52
MinimumVisualStudioVersion = 10.0.40219.1
Project("{FAE04EC0-301F-11D3-BF4B-00C04F79EFBC}") = "BaiTap05", "BaiTap05.csproj", "{58728E99-0564-4D4E-9A83-D85DCEA69F9E}"
EndProject
Global
	GlobalSection(SolutionConfigurationPlatforms) = preSolution
		Debug|Any CPU = Debug|Any CPU
		Release|Any CPU = Release|Any CPU
	EndGlobalSection
	GlobalSection(ProjectConfigurationPlatforms) = postSolution
		{58728E99-0564-4D4E-9A83-D85DCEA69F9E}.Debug|Any CPU.ActiveCfg = Debug|Any CPU
		{58728E99-0564-4D4E-9A83-D85DCEA69F9E}.Debug|Any CPU.Build.0 = Debug|Any CPU
		{58728E99-0564-4D4E-9A83-D85DCEA69F9E}.Release|Any CPU.ActiveCfg = Release|Any CPU
		{58728E99-0564-4D4E-9A83-D85DCEA69F9E}.Release|Any CPU.Build.0 = Release|Any CPU
	EndGlobalSection
	GlobalSection(SolutionProperties) = preSolution
		HideSolutionNode = FALSE
	EndGlobalSection
	GlobalSection(ExtensibilityGlobals) = postSolution
		SolutionGuid = {A6289C3E-519B-45E1-AC63-AFECA22CCACD}
	EndGlobalSection
EndGlobal
