
Microsoft Visual Studio Solution File, Format Version 12.00
# Visual Studio Version 17
VisualStudioVersion = 17.11.35208.52
MinimumVisualStudioVersion = 10.0.40219.1
Project("{FAE04EC0-301F-11D3-BF4B-00C04F79EFBC}") = "BaiTap01", "BaiTap01.csproj", "{EE5A2CFF-C139-4813-9927-0F27105CB4A3}"
EndProject
Global
	GlobalSection(SolutionConfigurationPlatforms) = preSolution
		Debug|Any CPU = Debug|Any CPU
		Release|Any CPU = Release|Any CPU
	EndGlobalSection
	GlobalSection(ProjectConfigurationPlatforms) = postSolution
		{EE5A2CFF-C139-4813-9927-0F27105CB4A3}.Debug|Any CPU.ActiveCfg = Debug|Any CPU
		{EE5A2CFF-C139-4813-9927-0F27105CB4A3}.Debug|Any CPU.Build.0 = Debug|Any CPU
		{EE5A2CFF-C139-4813-9927-0F27105CB4A3}.Release|Any CPU.ActiveCfg = Release|Any CPU
		{EE5A2CFF-C139-4813-9927-0F27105CB4A3}.Release|Any CPU.Build.0 = Release|Any CPU
	EndGlobalSection
	GlobalSection(SolutionProperties) = preSolution
		HideSolutionNode = FALSE
	EndGlobalSection
	GlobalSection(ExtensibilityGlobals) = postSolution
		SolutionGuid = {331BDD1F-9F15-4B4B-A281-9AD68E5A147C}
	EndGlobalSection
EndGlobal
