
Microsoft Visual Studio Solution File, Format Version 12.00
# Visual Studio Version 17
VisualStudioVersion = 17.11.35208.52
MinimumVisualStudioVersion = 10.0.40219.1
Project("{FAE04EC0-301F-11D3-BF4B-00C04F79EFBC}") = "Baitap6", "Baitap6\Baitap6.csproj", "{33AFA31C-5D50-4175-A47F-A66E9269DEBE}"
EndProject
Global
	GlobalSection(SolutionConfigurationPlatforms) = preSolution
		Debug|Any CPU = Debug|Any CPU
		Release|Any CPU = Release|Any CPU
	EndGlobalSection
	GlobalSection(ProjectConfigurationPlatforms) = postSolution
		{33AFA31C-5D50-4175-A47F-A66E9269DEBE}.Debug|Any CPU.ActiveCfg = Debug|Any CPU
		{33AFA31C-5D50-4175-A47F-A66E9269DEBE}.Debug|Any CPU.Build.0 = Debug|Any CPU
		{33AFA31C-5D50-4175-A47F-A66E9269DEBE}.Release|Any CPU.ActiveCfg = Release|Any CPU
		{33AFA31C-5D50-4175-A47F-A66E9269DEBE}.Release|Any CPU.Build.0 = Release|Any CPU
	EndGlobalSection
	GlobalSection(SolutionProperties) = preSolution
		HideSolutionNode = FALSE
	EndGlobalSection
	GlobalSection(ExtensibilityGlobals) = postSolution
		SolutionGuid = {86F87466-CAE6-498A-A10B-6EF073EEC892}
	EndGlobalSection
EndGlobal
