
Microsoft Visual Studio Solution File, Format Version 12.00
# Visual Studio Version 17
VisualStudioVersion = 17.11.35208.52
MinimumVisualStudioVersion = 10.0.40219.1
Project("{FAE04EC0-301F-11D3-BF4B-00C04F79EFBC}") = "Baitapvenha9-9", "Baitapvenha9-9\Baitapvenha9-9.csproj", "{50F03908-440F-47A7-9B90-18F3BF679DA1}"
EndProject
Project("{2150E333-8FDC-42A3-9474-1A3956D46DE8}") = "Solution Items", "Solution Items", "{3BEA8369-4EAE-4419-B42B-684210CDA6AC}"
	ProjectSection(SolutionItems) = preProject
		.editorconfig = .editorconfig
	EndProjectSection
EndProject
Global
	GlobalSection(SolutionConfigurationPlatforms) = preSolution
		Debug|Any CPU = Debug|Any CPU
		Release|Any CPU = Release|Any CPU
	EndGlobalSection
	GlobalSection(ProjectConfigurationPlatforms) = postSolution
		{50F03908-440F-47A7-9B90-18F3BF679DA1}.Debug|Any CPU.ActiveCfg = Debug|Any CPU
		{50F03908-440F-47A7-9B90-18F3BF679DA1}.Debug|Any CPU.Build.0 = Debug|Any CPU
		{50F03908-440F-47A7-9B90-18F3BF679DA1}.Release|Any CPU.ActiveCfg = Release|Any CPU
		{50F03908-440F-47A7-9B90-18F3BF679DA1}.Release|Any CPU.Build.0 = Release|Any CPU
	EndGlobalSection
	GlobalSection(SolutionProperties) = preSolution
		HideSolutionNode = FALSE
	EndGlobalSection
	GlobalSection(ExtensibilityGlobals) = postSolution
		SolutionGuid = {971C9A6D-11B2-48AF-A2EB-0CB2F9AF98BC}
	EndGlobalSection
EndGlobal
